// !$*UTF8*$!
{
	archiveVersion = 1;
	classes = {
	};
	objectVersion = 50;
	objects = {

/* Begin PBXBuildFile section */
		BA9EDD3F23AE0D4700AB2670 /* AppDelegate.swift in Sources */ = {isa = PBXBuildFile; fileRef = BA9EDD3E23AE0D4700AB2670 /* AppDelegate.swift */; };
		BA9EDD4123AE0D4700AB2670 /* SceneDelegate.swift in Sources */ = {isa = PBXBuildFile; fileRef = BA9EDD4023AE0D4700AB2670 /* SceneDelegate.swift */; };
		BA9EDD4323AE0D4700AB2670 /* ViewController.swift in Sources */ = {isa = PBXBuildFile; fileRef = BA9EDD4223AE0D4700AB2670 /* ViewController.swift */; };
		BA9EDD4623AE0D4700AB2670 /* Main.storyboard in Resources */ = {isa = PBXBuildFile; fileRef = BA9EDD4423AE0D4700AB2670 /* Main.storyboard */; };
		BA9EDD4823AE0D4800AB2670 /* Assets.xcassets in Resources */ = {isa = PBXBuildFile; fileRef = BA9EDD4723AE0D4800AB2670 /* Assets.xcassets */; };
		BA9EDD4B23AE0D4800AB2670 /* LaunchScreen.storyboard in Resources */ = {isa = PBXBuildFile; fileRef = BA9EDD4923AE0D4800AB2670 /* LaunchScreen.storyboard */; };
		BA9EDD5523AE0DB600AB2670 /* Localizable.strings in Resources */ = {isa = PBXBuildFile; fileRef = BA9EDD5723AE0DB600AB2670 /* Localizable.strings */; };
		BA9EDD5A23AE106600AB2670 /* utility.swift in Sources */ = {isa = PBXBuildFile; fileRef = BA9EDD5923AE106600AB2670 /* utility.swift */; };
/* End PBXBuildFile section */

/* Begin PBXFileReference section */
		BA9EDD3B23AE0D4700AB2670 /* ml.app */ = {isa = PBXFileReference; explicitFileType = wrapper.application; includeInIndex = 0; path = ml.app; sourceTree = BUILT_PRODUCTS_DIR; };
		BA9EDD3E23AE0D4700AB2670 /* AppDelegate.swift */ = {isa = PBXFileReference; lastKnownFileType = sourcecode.swift; path = AppDelegate.swift; sourceTree = "<group>"; };
		BA9EDD4023AE0D4700AB2670 /* SceneDelegate.swift */ = {isa = PBXFileReference; lastKnownFileType = sourcecode.swift; path = SceneDelegate.swift; sourceTree = "<group>"; };
		BA9EDD4223AE0D4700AB2670 /* ViewController.swift */ = {isa = PBXFileReference; lastKnownFileType = sourcecode.swift; path = ViewController.swift; sourceTree = "<group>"; };
		BA9EDD4523AE0D4700AB2670 /* Base */ = {isa = PBXFileReference; lastKnownFileType = file.storyboard; name = Base; path = Base.lproj/Main.storyboard; sourceTree = "<group>"; };
		BA9EDD4723AE0D4800AB2670 /* Assets.xcassets */ = {isa = PBXFileReference; lastKnownFileType = folder.assetcatalog; path = Assets.xcassets; sourceTree = "<group>"; };
		BA9EDD4A23AE0D4800AB2670 /* Base */ = {isa = PBXFileReference; lastKnownFileType = file.storyboard; name = Base; path = Base.lproj/LaunchScreen.storyboard; sourceTree = "<group>"; };
		BA9EDD4C23AE0D4800AB2670 /* Info.plist */ = {isa = PBXFileReference; lastKnownFileType = text.plist.xml; path = Info.plist; sourceTree = "<group>"; };
		BA9EDD5423AE0DA200AB2670 /* zh-Hant */ = {isa = PBXFileReference; lastKnownFileType = text.plist.strings; name = "zh-Hant"; path = "zh-Hant.lproj/LaunchScreen.strings"; sourceTree = "<group>"; };
		BA9EDD5623AE0DB600AB2670 /* en */ = {isa = PBXFileReference; lastKnownFileType = text.plist.strings; name = en; path = en.lproj/Localizable.strings; sourceTree = "<group>"; };
		BA9EDD5823AE0DBA00AB2670 /* zh-Hant */ = {isa = PBXFileReference; lastKnownFileType = text.plist.strings; name = "zh-Hant"; path = "zh-Hant.lproj/Localizable.strings"; sourceTree = "<group>"; };
		BA9EDD5923AE106600AB2670 /* utility.swift */ = {isa = PBXFileReference; lastKnownFileType = sourcecode.swift; path = utility.swift; sourceTree = "<group>"; };
/* End PBXFileReference section */

/* Begin PBXFrameworksBuildPhase section */
		BA9EDD3823AE0D4700AB2670 /* Frameworks */ = {
			isa = PBXFrameworksBuildPhase;
			buildActionMask = 2147483647;
			files = (
			);
			runOnlyForDeploymentPostprocessing = 0;
		};
/* End PBXFrameworksBuildPhase section */

/* Begin PBXGroup section */
		BA9EDD3223AE0D4700AB2670 = {
			isa = PBXGroup;
			children = (
				BA9EDD3D23AE0D4700AB2670 /* ml */,
				BA9EDD3C23AE0D4700AB2670 /* Products */,
			);
			sourceTree = "<group>";
		};
		BA9EDD3C23AE0D4700AB2670 /* Products */ = {
			isa = PBXGroup;
			children = (
				BA9EDD3B23AE0D4700AB2670 /* ml.app */,
			);
			name = Products;
			sourceTree = "<group>";
		};
		BA9EDD3D23AE0D4700AB2670 /* ml */ = {
			isa = PBXGroup;
			children = (
				BA9EDD3E23AE0D4700AB2670 /* AppDelegate.swift */,
				BA9EDD4023AE0D4700AB2670 /* SceneDelegate.swift */,
				BA9EDD4223AE0D4700AB2670 /* ViewController.swift */,
				BA9EDD4423AE0D4700AB2670 /* Main.storyboard */,
				BA9EDD4723AE0D4800AB2670 /* Assets.xcassets */,
				BA9EDD4923AE0D4800AB2670 /* LaunchScreen.storyboard */,
				BA9EDD4C23AE0D4800AB2670 /* Info.plist */,
				BA9EDD5723AE0DB600AB2670 /* Localizable.strings */,
				BA9EDD5923AE106600AB2670 /* utility.swift */,
			);
			path = ml;
			sourceTree = "<group>";
		};
/* End PBXGroup section */

/* Begin PBXNativeTarget section */
		BA9EDD3A23AE0D4700AB2670 /* ml */ = {
			isa = PBXNativeTarget;
			buildConfigurationList = BA9EDD4F23AE0D4800AB2670 /* Build configuration list for PBXNativeTarget "ml" */;
			buildPhases = (
				BA9EDD3723AE0D4700AB2670 /* Sources */,
				BA9EDD3823AE0D4700AB2670 /* Frameworks */,
				BA9EDD3923AE0D4700AB2670 /* Resources */,
			);
			buildRules = (
			);
			dependencies = (
			);
			name = ml;
			productName = ml;
			productReference = BA9EDD3B23AE0D4700AB2670 /* ml.app */;
			productType = "com.apple.product-type.application";
		};
/* End PBXNativeTarget section */

/* Begin PBXProject section */
		BA9EDD3323AE0D4700AB2670 /* Project object */ = {
			isa = PBXProject;
			attributes = {
				LastSwiftUpdateCheck = 1120;
				LastUpgradeCheck = 1120;
				ORGANIZATIONNAME = "申潤五";
				TargetAttributes = {
					BA9EDD3A23AE0D4700AB2670 = {
						CreatedOnToolsVersion = 11.2.1;
					};
				};
			};
			buildConfigurationList = BA9EDD3623AE0D4700AB2670 /* Build configuration list for PBXProject "ml" */;
			compatibilityVersion = "Xcode 9.3";
			developmentRegion = en;
			hasScannedForEncodings = 0;
			knownRegions = (
				en,
				Base,
				"zh-Hant",
			);
			mainGroup = BA9EDD3223AE0D4700AB2670;
			productRefGroup = BA9EDD3C23AE0D4700AB2670 /* Products */;
			projectDirPath = "";
			projectRoot = "";
			targets = (
				BA9EDD3A23AE0D4700AB2670 /* ml */,
			);
		};
/* End PBXProject section */

/* Begin PBXResourcesBuildPhase section */
		BA9EDD3923AE0D4700AB2670 /* Resources */ = {
			isa = PBXResourcesBuildPhase;
			buildActionMask = 2147483647;
			files = (
				BA9EDD4B23AE0D4800AB2670 /* LaunchScreen.storyboard in Resources */,
				BA9EDD5523AE0DB600AB2670 /* Localizable.strings in Resources */,
				BA9EDD4823AE0D4800AB2670 /* Assets.xcassets in Resources */,
				BA9EDD4623AE0D4700AB2670 /* Main.storyboard in Resources */,
			);
			runOnlyForDeploymentPostprocessing = 0;
		};
/* End PBXResourcesBuildPhase section */

/* Begin PBXSourcesBuildPhase section */
		BA9EDD3723AE0D4700AB2670 /* Sources */ = {
			isa = PBXSourcesBuildPhase;
			buildActionMask = 2147483647;
			files = (
				BA9EDD5A23AE106600AB2670 /* utility.swift in Sources */,
				BA9EDD4323AE0D4700AB2670 /* ViewController.swift in Sources */,
				BA9EDD3F23AE0D4700AB2670 /* AppDelegate.swift in Sources */,
				BA9EDD4123AE0D4700AB2670 /* SceneDelegate.swift in Sources */,
			);
			runOnlyForDeploymentPostprocessing = 0;
		};
/* End PBXSourcesBuildPhase section */

/* Begin PBXVariantGroup section */
		BA9EDD4423AE0D4700AB2670 /* Main.storyboard */ = {
			isa = PBXVariantGroup;
			children = (
				BA9EDD4523AE0D4700AB2670 /* Base */,
			);
			name = Main.storyboard;
			sourceTree = "<group>";
		};
		BA9EDD4923AE0D4800AB2670 /* LaunchScreen.storyboard */ = {
			isa = PBXVariantGroup;
			children = (
				BA9EDD4A23AE0D4800AB2670 /* Base */,
				BA9EDD5423AE0DA200AB2670 /* zh-Hant */,
			);
			name = LaunchScreen.storyboard;
			sourceTree = "<group>";
		};
		BA9EDD5723AE0DB600AB2670 /* Localizable.strings */ = {
			isa = PBXVariantGroup;
			children = (
				BA9EDD5623AE0DB600AB2670 /* en */,
				BA9EDD5823AE0DBA00AB2670 /* zh-Hant */,
			);
			name = Localizable.strings;
			sourceTree = "<group>";
		};
/* End PBXVariantGroup section */

/* Begin XCBuildConfiguration section */
		BA9EDD4D23AE0D4800AB2670 /* Debug */ = {
			isa = XCBuildConfiguration;
			buildSettings = {
				ALWAYS_SEARCH_USER_PATHS = NO;
				CLANG_ANALYZER_LOCALIZABILITY_NONLOCALIZED = YES;
				CLANG_ANALYZER_NONNULL = YES;
				CLANG_ANALYZER_NUMBER_OBJECT_CONVERSION = YES_AGGRESSIVE;
				CLANG_CXX_LANGUAGE_STANDARD = "gnu++14";
				CLANG_CXX_LIBRARY = "libc++";
				CLANG_ENABLE_MODULES = YES;
				CLANG_ENABLE_OBJC_ARC = YES;
				CLANG_ENABLE_OBJC_WEAK = YES;
				CLANG_WARN_BLOCK_CAPTURE_AUTORELEASING = YES;
				CLANG_WARN_BOOL_CONVERSION = YES;
				CLANG_WARN_COMMA = YES;
				CLANG_WARN_CONSTANT_CONVERSION = YES;
				CLANG_WARN_DEPRECATED_OBJC_IMPLEMENTATIONS = YES;
				CLANG_WARN_DIRECT_OBJC_ISA_USAGE = YES_ERROR;
				CLANG_WARN_DOCUMENTATION_COMMENTS = YES;
				CLANG_WARN_EMPTY_BODY = YES;
				CLANG_WARN_ENUM_CONVERSION = YES;
				CLANG_WARN_INFINITE_RECURSION = YES;
				CLANG_WARN_INT_CONVERSION = YES;
				CLANG_WARN_NON_LITERAL_NULL_CONVERSION = YES;
				CLANG_WARN_OBJC_IMPLICIT_RETAIN_SELF = YES;
				CLANG_WARN_OBJC_LITERAL_CONVERSION = YES;
				CLANG_WARN_OBJC_ROOT_CLASS = YES_ERROR;
				CLANG_WARN_RANGE_LOOP_ANALYSIS = YES;
				CLANG_WARN_STRICT_PROTOTYPES = YES;
				CLANG_WARN_SUSPICIOUS_MOVE = YES;
				CLANG_WARN_UNGUARDED_AVAILABILITY = YES_AGGRESSIVE;
				CLANG_WARN_UNREACHABLE_CODE = YES;
				CLANG_WARN__DUPLICATE_METHOD_MATCH = YES;
				COPY_PHASE_STRIP = NO;
				DEBUG_INFORMATION_FORMAT = dwarf;
				ENABLE_STRICT_OBJC_MSGSEND = YES;
				ENABLE_TESTABILITY = YES;
				GCC_C_LANGUAGE_STANDARD = gnu11;
				GCC_DYNAMIC_NO_PIC = NO;
				GCC_NO_COMMON_BLOCKS = YES;
				GCC_OPTIMIZATION_LEVEL = 0;
				GCC_PREPROCESSOR_DEFINITIONS = (
					"DEBUG=1",
					"$(inherited)",
				);
				GCC_WARN_64_TO_32_BIT_CONVERSION = YES;
				GCC_WARN_ABOUT_RETURN_TYPE = YES_ERROR;
				GCC_WARN_UNDECLARED_SELECTOR = YES;
				GCC_WARN_UNINITIALIZED_AUTOS = YES_AGGRESSIVE;
				GCC_WARN_UNUSED_FUNCTION = YES;
				GCC_WARN_UNUSED_VARIABLE = YES;
				IPHONEOS_DEPLOYMENT_TARGET = 13.2;
				MTL_ENABLE_DEBUG_INFO = INCLUDE_SOURCE;
				MTL_FAST_MATH = YES;
				ONLY_ACTIVE_ARCH = YES;
				SDKROOT = iphoneos;
				SWIFT_ACTIVE_COMPILATION_CONDITIONS = DEBUG;
				SWIFT_OPTIMIZATION_LEVEL = "-Onone";
			};
			name = Debug;
		};
		BA9EDD4E23AE0D4800AB2670 /* Release */ = {
			isa = XCBuildConfiguration;
			buildSettings = {
				ALWAYS_SEARCH_USER_PATHS = NO;
				CLANG_ANALYZER_LOCALIZABILITY_NONLOCALIZED = YES;
				CLANG_ANALYZER_NONNULL = YES;
				CLANG_ANALYZER_NUMBER_OBJECT_CONVERSION = YES_AGGRESSIVE;
				CLANG_CXX_LANGUAGE_STANDARD = "gnu++14";
				CLANG_CXX_LIBRARY = "libc++";
				CLANG_ENABLE_MODULES = YES;
				CLANG_ENABLE_OBJC_ARC = YES;
				CLANG_ENABLE_OBJC_WEAK = YES;
				CLANG_WARN_BLOCK_CAPTURE_AUTORELEASING = YES;
				CLANG_WARN_BOOL_CONVERSION = YES;
				CLANG_WARN_COMMA = YES;
				CLANG_WARN_CONSTANT_CONVERSION = YES;
				CLANG_WARN_DEPRECATED_OBJC_IMPLEMENTATIONS = YES;
				CLANG_WARN_DIRECT_OBJC_ISA_USAGE = YES_ERROR;
				CLANG_WARN_DOCUMENTATION_COMMENTS = YES;
				CLANG_WARN_EMPTY_BODY = YES;
				CLANG_WARN_ENUM_CONVERSION = YES;
				CLANG_WARN_INFINITE_RECURSION = YES;
				CLANG_WARN_INT_CONVERSION = YES;
				CLANG_WARN_NON_LITERAL_NULL_CONVERSION = YES;
				CLANG_WARN_OBJC_IMPLICIT_RETAIN_SELF = YES;
				CLANG_WARN_OBJC_LITERAL_CONVERSION = YES;
				CLANG_WARN_OBJC_ROOT_CLASS = YES_ERROR;
				CLANG_WARN_RANGE_LOOP_ANALYSIS = YES;
				CLANG_WARN_STRICT_PROTOTYPES = YES;
				CLANG_WARN_SUSPICIOUS_MOVE = YES;
				CLANG_WARN_UNGUARDED_AVAILABILITY = YES_AGGRESSIVE;
				CLANG_WARN_UNREACHABLE_CODE = YES;
				CLANG_WARN__DUPLICATE_METHOD_MATCH = YES;
				COPY_PHASE_STRIP = NO;
				DEBUG_INFORMATION_FORMAT = "dwarf-with-dsym";
				ENABLE_NS_ASSERTIONS = NO;
				ENABLE_STRICT_OBJC_MSGSEND = YES;
				GCC_C_LANGUAGE_STANDARD = gnu11;
				GCC_NO_COMMON_BLOCKS = YES;
				GCC_WARN_64_TO_32_BIT_CONVERSION = YES;
				GCC_WARN_ABOUT_RETURN_TYPE = YES_ERROR;
				GCC_WARN_UNDECLARED_SELECTOR = YES;
				GCC_WARN_UNINITIALIZED_AUTOS = YES_AGGRESSIVE;
				GCC_WARN_UNUSED_FUNCTION = YES;
				GCC_WARN_UNUSED_VARIABLE = YES;
				IPHONEOS_DEPLOYMENT_TARGET = 13.2;
				MTL_ENABLE_DEBUG_INFO = NO;
				MTL_FAST_MATH = YES;
				SDKROOT = iphoneos;
				SWIFT_COMPILATION_MODE = wholemodule;
				SWIFT_OPTIMIZATION_LEVEL = "-O";
				VALIDATE_PRODUCT = YES;
			};
			name = Release;
		};
		BA9EDD5023AE0D4800AB2670 /* Debug */ = {
			isa = XCBuildConfiguration;
			buildSettings = {
				ASSETCATALOG_COMPILER_APPICON_NAME = AppIcon;
				CODE_SIGN_STYLE = Automatic;
				DEVELOPMENT_TEAM = XSVW22JPST;
				INFOPLIST_FILE = ml/Info.plist;
				LD_RUNPATH_SEARCH_PATHS = (
					"$(inherited)",
					"@executable_path/Frameworks",
				);
				PRODUCT_BUNDLE_IDENTIFIER = idev.sjw.ml;
				PRODUCT_NAME = "$(TARGET_NAME)";
				SWIFT_VERSION = 5.0;
				TARGETED_DEVICE_FAMILY = "1,2";
			};
			name = Debug;
		};
		BA9EDD5123AE0D4800AB2670 /* Release */ = {
			isa = XCBuildConfiguration;
			buildSettings = {
				ASSETCATALOG_COMPILER_APPICON_NAME = AppIcon;
				CODE_SIGN_STYLE = Automatic;
				DEVELOPMENT_TEAM = XSVW22JPST;
				INFOPLIST_FILE = ml/Info.plist;
				LD_RUNPATH_SEARCH_PATHS = (
					"$(inherited)",
					"@executable_path/Frameworks",
				);
				PRODUCT_BUNDLE_IDENTIFIER = idev.sjw.ml;
				PRODUCT_NAME = "$(TARGET_NAME)";
				SWIFT_VERSION = 5.0;
				TARGETED_DEVICE_FAMILY = "1,2";
			};
			name = Release;
		};
/* End XCBuildConfiguration section */

/* Begin XCConfigurationList section */
		BA9EDD3623AE0D4700AB2670 /* Build configuration list for PBXProject "ml" */ = {
			isa = XCConfigurationList;
			buildConfigurations = (
				BA9EDD4D23AE0D4800AB2670 /* Debug */,
				BA9EDD4E23AE0D4800AB2670 /* Release */,
			);
			defaultConfigurationIsVisible = 0;
			defaultConfigurationName = Release;
		};
		BA9EDD4F23AE0D4800AB2670 /* Build configuration list for PBXNativeTarget "ml" */ = {
			isa = XCConfigurationList;
			buildConfigurations = (
				BA9EDD5023AE0D4800AB2670 /* Debug */,
				BA9EDD5123AE0D4800AB2670 /* Release */,
			);
			defaultConfigurationIsVisible = 0;
			defaultConfigurationName = Release;
		};
/* End XCConfigurationList section */
	};
	rootObject = BA9EDD3323AE0D4700AB2670 /* Project object */;
}
